// !$*UTF8*$!
{
	archiveVersion = 1;
	classes = {
	};
	objectVersion = 56;
	objects = {

/* Begin PBXBuildFile section */
		1466A8D7292FB93100D6386C /* AppDelegate.swift in Sources */ = {isa = PBXBuildFile; fileRef = 1466A8D6292FB93100D6386C /* AppDelegate.swift */; };
		1466A8D9292FB93100D6386C /* SceneDelegate.swift in Sources */ = {isa = PBXBuildFile; fileRef = 1466A8D8292FB93100D6386C /* SceneDelegate.swift */; };
		1466A8DB292FB93100D6386C /* ViewController.swift in Sources */ = {isa = PBXBuildFile; fileRef = 1466A8DA292FB93100D6386C /* ViewController.swift */; };
		1466A8DE292FB93100D6386C /* Main.storyboard in Resources */ = {isa = PBXBuildFile; fileRef = 1466A8DC292FB93100D6386C /* Main.storyboard */; };
		1466A8E0292FB93100D6386C /* Assets.xcassets in Resources */ = {isa = PBXBuildFile; fileRef = 1466A8DF292FB93100D6386C /* Assets.xcassets */; };
		1466A8E3292FB93100D6386C /* LaunchScreen.storyboard in Resources */ = {isa = PBXBuildFile; fileRef = 1466A8E1292FB93100D6386C /* LaunchScreen.storyboard */; };
		1466A8EB292FBDE900D6386C /* HomeViewController.swift in Sources */ = {isa = PBXBuildFile; fileRef = 1466A8EA292FBDE900D6386C /* HomeViewController.swift */; };
		1466A8ED292FBE0F00D6386C /* SettingsViewController.swift in Sources */ = {isa = PBXBuildFile; fileRef = 1466A8EC292FBE0F00D6386C /* SettingsViewController.swift */; };
		14A914EF29310286008775F2 /* EntryViewCell.swift in Sources */ = {isa = PBXBuildFile; fileRef = 14A914EE29310286008775F2 /* EntryViewCell.swift */; };
		14A914F1293104C6008775F2 /* EntryCell.swift in Sources */ = {isa = PBXBuildFile; fileRef = 14A914F0293104C6008775F2 /* EntryCell.swift */; };
		14A914F329311D67008775F2 /* CustomTabBar.swift in Sources */ = {isa = PBXBuildFile; fileRef = 14A914F229311D67008775F2 /* CustomTabBar.swift */; };
/* End PBXBuildFile section */

/* Begin PBXFileReference section */
		1466A8D3292FB93100D6386C /* FoodJournalApp_UIKit.app */ = {isa = PBXFileReference; explicitFileType = wrapper.application; includeInIndex = 0; path = FoodJournalApp_UIKit.app; sourceTree = BUILT_PRODUCTS_DIR; };
		1466A8D6292FB93100D6386C /* AppDelegate.swift */ = {isa = PBXFileReference; lastKnownFileType = sourcecode.swift; path = AppDelegate.swift; sourceTree = "<group>"; };
		1466A8D8292FB93100D6386C /* SceneDelegate.swift */ = {isa = PBXFileReference; lastKnownFileType = sourcecode.swift; path = SceneDelegate.swift; sourceTree = "<group>"; };
		1466A8DA292FB93100D6386C /* ViewController.swift */ = {isa = PBXFileReference; lastKnownFileType = sourcecode.swift; path = ViewController.swift; sourceTree = "<group>"; };
		1466A8DD292FB93100D6386C /* Base */ = {isa = PBXFileReference; lastKnownFileType = file.storyboard; name = Base; path = Base.lproj/Main.storyboard; sourceTree = "<group>"; };
		1466A8DF292FB93100D6386C /* Assets.xcassets */ = {isa = PBXFileReference; lastKnownFileType = folder.assetcatalog; path = Assets.xcassets; sourceTree = "<group>"; };
		1466A8E2292FB93100D6386C /* Base */ = {isa = PBXFileReference; lastKnownFileType = file.storyboard; name = Base; path = Base.lproj/LaunchScreen.storyboard; sourceTree = "<group>"; };
		1466A8E4292FB93100D6386C /* Info.plist */ = {isa = PBXFileReference; lastKnownFileType = text.plist.xml; path = Info.plist; sourceTree = "<group>"; };
		1466A8EA292FBDE900D6386C /* HomeViewController.swift */ = {isa = PBXFileReference; lastKnownFileType = sourcecode.swift; path = HomeViewController.swift; sourceTree = "<group>"; };
		1466A8EC292FBE0F00D6386C /* SettingsViewController.swift */ = {isa = PBXFileReference; lastKnownFileType = sourcecode.swift; path = SettingsViewController.swift; sourceTree = "<group>"; };
		14A914EE29310286008775F2 /* EntryViewCell.swift */ = {isa = PBXFileReference; lastKnownFileType = sourcecode.swift; path = EntryViewCell.swift; sourceTree = "<group>"; };
		14A914F0293104C6008775F2 /* EntryCell.swift */ = {isa = PBXFileReference; lastKnownFileType = sourcecode.swift; path = EntryCell.swift; sourceTree = "<group>"; };
		14A914F229311D67008775F2 /* CustomTabBar.swift */ = {isa = PBXFileReference; lastKnownFileType = sourcecode.swift; path = CustomTabBar.swift; sourceTree = "<group>"; };
/* End PBXFileReference section */

/* Begin PBXFrameworksBuildPhase section */
		1466A8D0292FB93100D6386C /* Frameworks */ = {
			isa = PBXFrameworksBuildPhase;
			buildActionMask = 2147483647;
			files = (
			);
			runOnlyForDeploymentPostprocessing = 0;
		};
/* End PBXFrameworksBuildPhase section */

/* Begin PBXGroup section */
		1466A8CA292FB93100D6386C = {
			isa = PBXGroup;
			children = (
				1466A8D5292FB93100D6386C /* FoodJournalApp_UIKit */,
				1466A8D4292FB93100D6386C /* Products */,
			);
			sourceTree = "<group>";
		};
		1466A8D4292FB93100D6386C /* Products */ = {
			isa = PBXGroup;
			children = (
				1466A8D3292FB93100D6386C /* FoodJournalApp_UIKit.app */,
			);
			name = Products;
			sourceTree = "<group>";
		};
		1466A8D5292FB93100D6386C /* FoodJournalApp_UIKit */ = {
			isa = PBXGroup;
			children = (
				1466A8D6292FB93100D6386C /* AppDelegate.swift */,
				1466A8D8292FB93100D6386C /* SceneDelegate.swift */,
				1466A8DA292FB93100D6386C /* ViewController.swift */,
				1466A8DC292FB93100D6386C /* Main.storyboard */,
				1466A8DF292FB93100D6386C /* Assets.xcassets */,
				1466A8E1292FB93100D6386C /* LaunchScreen.storyboard */,
				1466A8E4292FB93100D6386C /* Info.plist */,
				1466A8EA292FBDE900D6386C /* HomeViewController.swift */,
				1466A8EC292FBE0F00D6386C /* SettingsViewController.swift */,
				14A914EE29310286008775F2 /* EntryViewCell.swift */,
				14A914F0293104C6008775F2 /* EntryCell.swift */,
				14A914F229311D67008775F2 /* CustomTabBar.swift */,
			);
			path = FoodJournalApp_UIKit;
			sourceTree = "<group>";
		};
/* End PBXGroup section */

/* Begin PBXNativeTarget section */
		1466A8D2292FB93100D6386C /* FoodJournalApp_UIKit */ = {
			isa = PBXNativeTarget;
			buildConfigurationList = 1466A8E7292FB93100D6386C /* Build configuration list for PBXNativeTarget "FoodJournalApp_UIKit" */;
			buildPhases = (
				1466A8CF292FB93100D6386C /* Sources */,
				1466A8D0292FB93100D6386C /* Frameworks */,
				1466A8D1292FB93100D6386C /* Resources */,
			);
			buildRules = (
			);
			dependencies = (
			);
			name = FoodJournalApp_UIKit;
			productName = FoodJournalApp_UIKit;
			productReference = 1466A8D3292FB93100D6386C /* FoodJournalApp_UIKit.app */;
			productType = "com.apple.product-type.application";
		};
/* End PBXNativeTarget section */

/* Begin PBXProject section */
		1466A8CB292FB93100D6386C /* Project object */ = {
			isa = PBXProject;
			attributes = {
				BuildIndependentTargetsInParallel = 1;
				LastSwiftUpdateCheck = 1410;
				LastUpgradeCheck = 1410;
				TargetAttributes = {
					1466A8D2292FB93100D6386C = {
						CreatedOnToolsVersion = 14.1;
					};
				};
			};
			buildConfigurationList = 1466A8CE292FB93100D6386C /* Build configuration list for PBXProject "FoodJournalApp_UIKit" */;
			compatibilityVersion = "Xcode 14.0";
			developmentRegion = en;
			hasScannedForEncodings = 0;
			knownRegions = (
				en,
				Base,
			);
			mainGroup = 1466A8CA292FB93100D6386C;
			productRefGroup = 1466A8D4292FB93100D6386C /* Products */;
			projectDirPath = "";
			projectRoot = "";
			targets = (
				1466A8D2292FB93100D6386C /* FoodJournalApp_UIKit */,
			);
		};
/* End PBXProject section */

/* Begin PBXResourcesBuildPhase section */
		1466A8D1292FB93100D6386C /* Resources */ = {
			isa = PBXResourcesBuildPhase;
			buildActionMask = 2147483647;
			files = (
				1466A8E3292FB93100D6386C /* LaunchScreen.storyboard in Resources */,
				1466A8E0292FB93100D6386C /* Assets.xcassets in Resources */,
				1466A8DE292FB93100D6386C /* Main.storyboard in Resources */,
			);
			runOnlyForDeploymentPostprocessing = 0;
		};
/* End PBXResourcesBuildPhase section */

/* Begin PBXSourcesBuildPhase section */
		1466A8CF292FB93100D6386C /* Sources */ = {
			isa = PBXSourcesBuildPhase;
			buildActionMask = 2147483647;
			files = (
				1466A8DB292FB93100D6386C /* ViewController.swift in Sources */,
				1466A8D7292FB93100D6386C /* AppDelegate.swift in Sources */,
				1466A8D9292FB93100D6386C /* SceneDelegate.swift in Sources */,
				1466A8ED292FBE0F00D6386C /* SettingsViewController.swift in Sources */,
				14A914F329311D67008775F2 /* CustomTabBar.swift in Sources */,
				14A914F1293104C6008775F2 /* EntryCell.swift in Sources */,
				1466A8EB292FBDE900D6386C /* HomeViewController.swift in Sources */,
				14A914EF29310286008775F2 /* EntryViewCell.swift in Sources */,
			);
			runOnlyForDeploymentPostprocessing = 0;
		};
/* End PBXSourcesBuildPhase section */

/* Begin PBXVariantGroup section */
		1466A8DC292FB93100D6386C /* Main.storyboard */ = {
			isa = PBXVariantGroup;
			children = (
				1466A8DD292FB93100D6386C /* Base */,
			);
			name = Main.storyboard;
			sourceTree = "<group>";
		};
		1466A8E1292FB93100D6386C /* LaunchScreen.storyboard */ = {
			isa = PBXVariantGroup;
			children = (
				1466A8E2292FB93100D6386C /* Base */,
			);
			name = LaunchScreen.storyboard;
			sourceTree = "<group>";
		};
/* End PBXVariantGroup section */

/* Begin XCBuildConfiguration section */
		1466A8E5292FB93100D6386C /* Debug */ = {
			isa = XCBuildConfiguration;
			buildSettings = {
				ALWAYS_SEARCH_USER_PATHS = NO;
				CLANG_ANALYZER_NONNULL = YES;
				CLANG_ANALYZER_NUMBER_OBJECT_CONVERSION = YES_AGGRESSIVE;
				CLANG_CXX_LANGUAGE_STANDARD = "gnu++20";
				CLANG_ENABLE_MODULES = YES;
				CLANG_ENABLE_OBJC_ARC = YES;
				CLANG_ENABLE_OBJC_WEAK = YES;
				CLANG_WARN_BLOCK_CAPTURE_AUTORELEASING = YES;
				CLANG_WARN_BOOL_CONVERSION = YES;
				CLANG_WARN_COMMA = YES;
				CLANG_WARN_CONSTANT_CONVERSION = YES;
				CLANG_WARN_DEPRECATED_OBJC_IMPLEMENTATIONS = YES;
				CLANG_WARN_DIRECT_OBJC_ISA_USAGE = YES_ERROR;
				CLANG_WARN_DOCUMENTATION_COMMENTS = YES;
				CLANG_WARN_EMPTY_BODY = YES;
				CLANG_WARN_ENUM_CONVERSION = YES;
				CLANG_WARN_INFINITE_RECURSION = YES;
				CLANG_WARN_INT_CONVERSION = YES;
				CLANG_WARN_NON_LITERAL_NULL_CONVERSION = YES;
				CLANG_WARN_OBJC_IMPLICIT_RETAIN_SELF = YES;
				CLANG_WARN_OBJC_LITERAL_CONVERSION = YES;
				CLANG_WARN_OBJC_ROOT_CLASS = YES_ERROR;
				CLANG_WARN_QUOTED_INCLUDE_IN_FRAMEWORK_HEADER = YES;
				CLANG_WARN_RANGE_LOOP_ANALYSIS = YES;
				CLANG_WARN_STRICT_PROTOTYPES = YES;
				CLANG_WARN_SUSPICIOUS_MOVE = YES;
				CLANG_WARN_UNGUARDED_AVAILABILITY = YES_AGGRESSIVE;
				CLANG_WARN_UNREACHABLE_CODE = YES;
				CLANG_WARN__DUPLICATE_METHOD_MATCH = YES;
				COPY_PHASE_STRIP = NO;
				DEBUG_INFORMATION_FORMAT = dwarf;
				ENABLE_STRICT_OBJC_MSGSEND = YES;
				ENABLE_TESTABILITY = YES;
				GCC_C_LANGUAGE_STANDARD = gnu11;
				GCC_DYNAMIC_NO_PIC = NO;
				GCC_NO_COMMON_BLOCKS = YES;
				GCC_OPTIMIZATION_LEVEL = 0;
				GCC_PREPROCESSOR_DEFINITIONS = (
					"DEBUG=1",
					"$(inherited)",
				);
				GCC_WARN_64_TO_32_BIT_CONVERSION = YES;
				GCC_WARN_ABOUT_RETURN_TYPE = YES_ERROR;
				GCC_WARN_UNDECLARED_SELECTOR = YES;
				GCC_WARN_UNINITIALIZED_AUTOS = YES_AGGRESSIVE;
				GCC_WARN_UNUSED_FUNCTION = YES;
				GCC_WARN_UNUSED_VARIABLE = YES;
				IPHONEOS_DEPLOYMENT_TARGET = 16.1;
				MTL_ENABLE_DEBUG_INFO = INCLUDE_SOURCE;
				MTL_FAST_MATH = YES;
				ONLY_ACTIVE_ARCH = YES;
				SDKROOT = iphoneos;
				SWIFT_ACTIVE_COMPILATION_CONDITIONS = DEBUG;
				SWIFT_OPTIMIZATION_LEVEL = "-Onone";
			};
			name = Debug;
		};
		1466A8E6292FB93100D6386C /* Release */ = {
			isa = XCBuildConfiguration;
			buildSettings = {
				ALWAYS_SEARCH_USER_PATHS = NO;
				CLANG_ANALYZER_NONNULL = YES;
				CLANG_ANALYZER_NUMBER_OBJECT_CONVERSION = YES_AGGRESSIVE;
				CLANG_CXX_LANGUAGE_STANDARD = "gnu++20";
				CLANG_ENABLE_MODULES = YES;
				CLANG_ENABLE_OBJC_ARC = YES;
				CLANG_ENABLE_OBJC_WEAK = YES;
				CLANG_WARN_BLOCK_CAPTURE_AUTORELEASING = YES;
				CLANG_WARN_BOOL_CONVERSION = YES;
				CLANG_WARN_COMMA = YES;
				CLANG_WARN_CONSTANT_CONVERSION = YES;
				CLANG_WARN_DEPRECATED_OBJC_IMPLEMENTATIONS = YES;
				CLANG_WARN_DIRECT_OBJC_ISA_USAGE = YES_ERROR;
				CLANG_WARN_DOCUMENTATION_COMMENTS = YES;
				CLANG_WARN_EMPTY_BODY = YES;
				CLANG_WARN_ENUM_CONVERSION = YES;
				CLANG_WARN_INFINITE_RECURSION = YES;
				CLANG_WARN_INT_CONVERSION = YES;
				CLANG_WARN_NON_LITERAL_NULL_CONVERSION = YES;
				CLANG_WARN_OBJC_IMPLICIT_RETAIN_SELF = YES;
				CLANG_WARN_OBJC_LITERAL_CONVERSION = YES;
				CLANG_WARN_OBJC_ROOT_CLASS = YES_ERROR;
				CLANG_WARN_QUOTED_INCLUDE_IN_FRAMEWORK_HEADER = YES;
				CLANG_WARN_RANGE_LOOP_ANALYSIS = YES;
				CLANG_WARN_STRICT_PROTOTYPES = YES;
				CLANG_WARN_SUSPICIOUS_MOVE = YES;
				CLANG_WARN_UNGUARDED_AVAILABILITY = YES_AGGRESSIVE;
				CLANG_WARN_UNREACHABLE_CODE = YES;
				CLANG_WARN__DUPLICATE_METHOD_MATCH = YES;
				COPY_PHASE_STRIP = NO;
				DEBUG_INFORMATION_FORMAT = "dwarf-with-dsym";
				ENABLE_NS_ASSERTIONS = NO;
				ENABLE_STRICT_OBJC_MSGSEND = YES;
				GCC_C_LANGUAGE_STANDARD = gnu11;
				GCC_NO_COMMON_BLOCKS = YES;
				GCC_WARN_64_TO_32_BIT_CONVERSION = YES;
				GCC_WARN_ABOUT_RETURN_TYPE = YES_ERROR;
				GCC_WARN_UNDECLARED_SELECTOR = YES;
				GCC_WARN_UNINITIALIZED_AUTOS = YES_AGGRESSIVE;
				GCC_WARN_UNUSED_FUNCTION = YES;
				GCC_WARN_UNUSED_VARIABLE = YES;
				IPHONEOS_DEPLOYMENT_TARGET = 16.1;
				MTL_ENABLE_DEBUG_INFO = NO;
				MTL_FAST_MATH = YES;
				SDKROOT = iphoneos;
				SWIFT_COMPILATION_MODE = wholemodule;
				SWIFT_OPTIMIZATION_LEVEL = "-O";
				VALIDATE_PRODUCT = YES;
			};
			name = Release;
		};
		1466A8E8292FB93100D6386C /* Debug */ = {
			isa = XCBuildConfiguration;
			buildSettings = {
				ASSETCATALOG_COMPILER_APPICON_NAME = AppIcon;
				ASSETCATALOG_COMPILER_GLOBAL_ACCENT_COLOR_NAME = AccentColor;
				CODE_SIGN_STYLE = Automatic;
				CURRENT_PROJECT_VERSION = 1;
				DEVELOPMENT_TEAM = BSKUDA96TU;
				GENERATE_INFOPLIST_FILE = YES;
				INFOPLIST_FILE = FoodJournalApp_UIKit/Info.plist;
				INFOPLIST_KEY_UIApplicationSupportsIndirectInputEvents = YES;
				INFOPLIST_KEY_UILaunchStoryboardName = LaunchScreen;
				INFOPLIST_KEY_UIMainStoryboardFile = Main;
				INFOPLIST_KEY_UISupportedInterfaceOrientations_iPad = "UIInterfaceOrientationPortrait UIInterfaceOrientationPortraitUpsideDown UIInterfaceOrientationLandscapeLeft UIInterfaceOrientationLandscapeRight";
				INFOPLIST_KEY_UISupportedInterfaceOrientations_iPhone = "UIInterfaceOrientationPortrait UIInterfaceOrientationLandscapeLeft UIInterfaceOrientationLandscapeRight";
				LD_RUNPATH_SEARCH_PATHS = (
					"$(inherited)",
					"@executable_path/Frameworks",
				);
				MARKETING_VERSION = 1.0;
				PRODUCT_BUNDLE_IDENTIFIER = "com.jadencloete.FoodJournalApp-UIKit";
				PRODUCT_NAME = "$(TARGET_NAME)";
				SWIFT_EMIT_LOC_STRINGS = YES;
				SWIFT_VERSION = 5.0;
				TARGETED_DEVICE_FAMILY = "1,2";
			};
			name = Debug;
		};
		1466A8E9292FB93100D6386C /* Release */ = {
			isa = XCBuildConfiguration;
			buildSettings = {
				ASSETCATALOG_COMPILER_APPICON_NAME = AppIcon;
				ASSETCATALOG_COMPILER_GLOBAL_ACCENT_COLOR_NAME = AccentColor;
				CODE_SIGN_STYLE = Automatic;
				CURRENT_PROJECT_VERSION = 1;
				DEVELOPMENT_TEAM = BSKUDA96TU;
				GENERATE_INFOPLIST_FILE = YES;
				INFOPLIST_FILE = FoodJournalApp_UIKit/Info.plist;
				INFOPLIST_KEY_UIApplicationSupportsIndirectInputEvents = YES;
				INFOPLIST_KEY_UILaunchStoryboardName = LaunchScreen;
				INFOPLIST_KEY_UIMainStoryboardFile = Main;
				INFOPLIST_KEY_UISupportedInterfaceOrientations_iPad = "UIInterfaceOrientationPortrait UIInterfaceOrientationPortraitUpsideDown UIInterfaceOrientationLandscapeLeft UIInterfaceOrientationLandscapeRight";
				INFOPLIST_KEY_UISupportedInterfaceOrientations_iPhone = "UIInterfaceOrientationPortrait UIInterfaceOrientationLandscapeLeft UIInterfaceOrientationLandscapeRight";
				LD_RUNPATH_SEARCH_PATHS = (
					"$(inherited)",
					"@executable_path/Frameworks",
				);
				MARKETING_VERSION = 1.0;
				PRODUCT_BUNDLE_IDENTIFIER = "com.jadencloete.FoodJournalApp-UIKit";
				PRODUCT_NAME = "$(TARGET_NAME)";
				SWIFT_EMIT_LOC_STRINGS = YES;
				SWIFT_VERSION = 5.0;
				TARGETED_DEVICE_FAMILY = "1,2";
			};
			name = Release;
		};
/* End XCBuildConfiguration section */

/* Begin XCConfigurationList section */
		1466A8CE292FB93100D6386C /* Build configuration list for PBXProject "FoodJournalApp_UIKit" */ = {
			isa = XCConfigurationList;
			buildConfigurations = (
				1466A8E5292FB93100D6386C /* Debug */,
				1466A8E6292FB93100D6386C /* Release */,
			);
			defaultConfigurationIsVisible = 0;
			defaultConfigurationName = Release;
		};
		1466A8E7292FB93100D6386C /* Build configuration list for PBXNativeTarget "FoodJournalApp_UIKit" */ = {
			isa = XCConfigurationList;
			buildConfigurations = (
				1466A8E8292FB93100D6386C /* Debug */,
				1466A8E9292FB93100D6386C /* Release */,
			);
			defaultConfigurationIsVisible = 0;
			defaultConfigurationName = Release;
		};
/* End XCConfigurationList section */
	};
	rootObject = 1466A8CB292FB93100D6386C /* Project object */;
}
